
Microsoft Visual Studio Solution File, Format Version 12.00
# Visual Studio Version 17
VisualStudioVersion = 17.4.33205.214
MinimumVisualStudioVersion = 10.0.40219.1
Project("{FAE04EC0-301F-11D3-BF4B-00C04F79EFBC}") = "Practical13", "Practical13\Practical13.csproj", "{9FDE33D7-F446-4F0A-B8A6-75CB3DAF5F15}"
EndProject
Project("{FAE04EC0-301F-11D3-BF4B-00C04F79EFBC}") = "Test2", "Test2\Test2.csproj", "{8DD5DFA7-AB79-4EF6-9956-DE629A4DDC6B}"
EndProject
Global
	GlobalSection(SolutionConfigurationPlatforms) = preSolution
		Debug|Any CPU = Debug|Any CPU
		Release|Any CPU = Release|Any CPU
	EndGlobalSection
	GlobalSection(ProjectConfigurationPlatforms) = postSolution
		{9FDE33D7-F446-4F0A-B8A6-75CB3DAF5F15}.Debug|Any CPU.ActiveCfg = Debug|Any CPU
		{9FDE33D7-F446-4F0A-B8A6-75CB3DAF5F15}.Debug|Any CPU.Build.0 = Debug|Any CPU
		{9FDE33D7-F446-4F0A-B8A6-75CB3DAF5F15}.Release|Any CPU.ActiveCfg = Release|Any CPU
		{9FDE33D7-F446-4F0A-B8A6-75CB3DAF5F15}.Release|Any CPU.Build.0 = Release|Any CPU
		{8DD5DFA7-AB79-4EF6-9956-DE629A4DDC6B}.Debug|Any CPU.ActiveCfg = Debug|Any CPU
		{8DD5DFA7-AB79-4EF6-9956-DE629A4DDC6B}.Debug|Any CPU.Build.0 = Debug|Any CPU
		{8DD5DFA7-AB79-4EF6-9956-DE629A4DDC6B}.Release|Any CPU.ActiveCfg = Release|Any CPU
		{8DD5DFA7-AB79-4EF6-9956-DE629A4DDC6B}.Release|Any CPU.Build.0 = Release|Any CPU
	EndGlobalSection
	GlobalSection(SolutionProperties) = preSolution
		HideSolutionNode = FALSE
	EndGlobalSection
	GlobalSection(ExtensibilityGlobals) = postSolution
		SolutionGuid = {A8DCED17-97B4-472C-90FD-5F97E58220D2}
	EndGlobalSection
EndGlobal
