
Microsoft Visual Studio Solution File, Format Version 12.00
# Visual Studio Version 17
VisualStudioVersion = 17.4.33205.214
MinimumVisualStudioVersion = 10.0.40219.1
Project("{FAE04EC0-301F-11D3-BF4B-00C04F79EFBC}") = "Test1", "Practical11\Test1.csproj", "{155C96E8-AA61-42F1-83D0-29F439F52530}"
EndProject
Project("{FAE04EC0-301F-11D3-BF4B-00C04F79EFBC}") = "Test2", "Test2\Test2.csproj", "{C494CA12-2942-4A5B-8F3E-A065628D4D7C}"
EndProject
Global
	GlobalSection(SolutionConfigurationPlatforms) = preSolution
		Debug|Any CPU = Debug|Any CPU
		Release|Any CPU = Release|Any CPU
	EndGlobalSection
	GlobalSection(ProjectConfigurationPlatforms) = postSolution
		{155C96E8-AA61-42F1-83D0-29F439F52530}.Debug|Any CPU.ActiveCfg = Debug|Any CPU
		{155C96E8-AA61-42F1-83D0-29F439F52530}.Debug|Any CPU.Build.0 = Debug|Any CPU
		{155C96E8-AA61-42F1-83D0-29F439F52530}.Release|Any CPU.ActiveCfg = Release|Any CPU
		{155C96E8-AA61-42F1-83D0-29F439F52530}.Release|Any CPU.Build.0 = Release|Any CPU
		{C494CA12-2942-4A5B-8F3E-A065628D4D7C}.Debug|Any CPU.ActiveCfg = Debug|Any CPU
		{C494CA12-2942-4A5B-8F3E-A065628D4D7C}.Debug|Any CPU.Build.0 = Debug|Any CPU
		{C494CA12-2942-4A5B-8F3E-A065628D4D7C}.Release|Any CPU.ActiveCfg = Release|Any CPU
		{C494CA12-2942-4A5B-8F3E-A065628D4D7C}.Release|Any CPU.Build.0 = Release|Any CPU
	EndGlobalSection
	GlobalSection(SolutionProperties) = preSolution
		HideSolutionNode = FALSE
	EndGlobalSection
	GlobalSection(ExtensibilityGlobals) = postSolution
		SolutionGuid = {58DB4052-D0DD-4C8A-8493-8114AC89E72D}
	EndGlobalSection
EndGlobal
