
Microsoft Visual Studio Solution File, Format Version 12.00
# Visual Studio Version 17
VisualStudioVersion = 17.4.33205.214
MinimumVisualStudioVersion = 10.0.40219.1
Project("{9A19103F-16F7-4668-BE54-9A1E7A4F7556}") = "Practical16", "Practical16\Practical16.csproj", "{D41FCF36-5A0D-4292-9DCE-90398A6EAEFB}"
EndProject
Project("{9A19103F-16F7-4668-BE54-9A1E7A4F7556}") = "Practical17", "Practical17\Practical17.csproj", "{92A61E6F-ABC9-4D90-8759-9CAFCB508D65}"
EndProject
Project("{9A19103F-16F7-4668-BE54-9A1E7A4F7556}") = "Practical18", "Practical18\Practical18.csproj", "{12070D14-F4AD-4D55-8127-5A7E15D0366C}"
EndProject
Project("{9A19103F-16F7-4668-BE54-9A1E7A4F7556}") = "DataAccess", "Data\DataAccess.csproj", "{592397F5-BAC7-4F0A-82E8-746CF9F2CB45}"
EndProject
Project("{9A19103F-16F7-4668-BE54-9A1E7A4F7556}") = "Practical18_2", "Practical18_2\Practical18_2.csproj", "{D088A2B5-3359-496F-8ACC-22034B4EF934}"
EndProject
Project("{9A19103F-16F7-4668-BE54-9A1E7A4F7556}") = "Practical20", "Practical20\Practical20.csproj", "{7A204F70-7ADE-4AB3-AA2D-D906958380C8}"
EndProject
Project("{9A19103F-16F7-4668-BE54-9A1E7A4F7556}") = "Practical19_API", "Practical19_API\Practical19_API.csproj", "{244A359A-3177-4B55-984A-74602B137B10}"
EndProject
Project("{9A19103F-16F7-4668-BE54-9A1E7A4F7556}") = "Practical19_DataAccessLayer", "Practical19_DataAccessLayer\Practical19_DataAccessLayer.csproj", "{BF4A5642-F679-4BF2-9320-BFDF11BB731B}"
EndProject
Project("{FAE04EC0-301F-11D3-BF4B-00C04F79EFBC}") = "Practical19_Views", "Practical19_Views\Practical19_Views.csproj", "{CE8557D2-4731-4369-9B68-8D9EF94A5409}"
EndProject
Global
	GlobalSection(SolutionConfigurationPlatforms) = preSolution
		Debug|Any CPU = Debug|Any CPU
		Release|Any CPU = Release|Any CPU
	EndGlobalSection
	GlobalSection(ProjectConfigurationPlatforms) = postSolution
		{D41FCF36-5A0D-4292-9DCE-90398A6EAEFB}.Debug|Any CPU.ActiveCfg = Debug|Any CPU
		{D41FCF36-5A0D-4292-9DCE-90398A6EAEFB}.Debug|Any CPU.Build.0 = Debug|Any CPU
		{D41FCF36-5A0D-4292-9DCE-90398A6EAEFB}.Release|Any CPU.ActiveCfg = Release|Any CPU
		{D41FCF36-5A0D-4292-9DCE-90398A6EAEFB}.Release|Any CPU.Build.0 = Release|Any CPU
		{92A61E6F-ABC9-4D90-8759-9CAFCB508D65}.Debug|Any CPU.ActiveCfg = Debug|Any CPU
		{92A61E6F-ABC9-4D90-8759-9CAFCB508D65}.Debug|Any CPU.Build.0 = Debug|Any CPU
		{92A61E6F-ABC9-4D90-8759-9CAFCB508D65}.Release|Any CPU.ActiveCfg = Release|Any CPU
		{92A61E6F-ABC9-4D90-8759-9CAFCB508D65}.Release|Any CPU.Build.0 = Release|Any CPU
		{12070D14-F4AD-4D55-8127-5A7E15D0366C}.Debug|Any CPU.ActiveCfg = Debug|Any CPU
		{12070D14-F4AD-4D55-8127-5A7E15D0366C}.Debug|Any CPU.Build.0 = Debug|Any CPU
		{12070D14-F4AD-4D55-8127-5A7E15D0366C}.Release|Any CPU.ActiveCfg = Release|Any CPU
		{12070D14-F4AD-4D55-8127-5A7E15D0366C}.Release|Any CPU.Build.0 = Release|Any CPU
		{592397F5-BAC7-4F0A-82E8-746CF9F2CB45}.Debug|Any CPU.ActiveCfg = Debug|Any CPU
		{592397F5-BAC7-4F0A-82E8-746CF9F2CB45}.Debug|Any CPU.Build.0 = Debug|Any CPU
		{592397F5-BAC7-4F0A-82E8-746CF9F2CB45}.Release|Any CPU.ActiveCfg = Release|Any CPU
		{592397F5-BAC7-4F0A-82E8-746CF9F2CB45}.Release|Any CPU.Build.0 = Release|Any CPU
		{D088A2B5-3359-496F-8ACC-22034B4EF934}.Debug|Any CPU.ActiveCfg = Debug|Any CPU
		{D088A2B5-3359-496F-8ACC-22034B4EF934}.Debug|Any CPU.Build.0 = Debug|Any CPU
		{D088A2B5-3359-496F-8ACC-22034B4EF934}.Release|Any CPU.ActiveCfg = Release|Any CPU
		{D088A2B5-3359-496F-8ACC-22034B4EF934}.Release|Any CPU.Build.0 = Release|Any CPU
		{7A204F70-7ADE-4AB3-AA2D-D906958380C8}.Debug|Any CPU.ActiveCfg = Debug|Any CPU
		{7A204F70-7ADE-4AB3-AA2D-D906958380C8}.Debug|Any CPU.Build.0 = Debug|Any CPU
		{7A204F70-7ADE-4AB3-AA2D-D906958380C8}.Release|Any CPU.ActiveCfg = Release|Any CPU
		{7A204F70-7ADE-4AB3-AA2D-D906958380C8}.Release|Any CPU.Build.0 = Release|Any CPU
		{244A359A-3177-4B55-984A-74602B137B10}.Debug|Any CPU.ActiveCfg = Debug|Any CPU
		{244A359A-3177-4B55-984A-74602B137B10}.Debug|Any CPU.Build.0 = Debug|Any CPU
		{244A359A-3177-4B55-984A-74602B137B10}.Release|Any CPU.ActiveCfg = Release|Any CPU
		{244A359A-3177-4B55-984A-74602B137B10}.Release|Any CPU.Build.0 = Release|Any CPU
		{BF4A5642-F679-4BF2-9320-BFDF11BB731B}.Debug|Any CPU.ActiveCfg = Debug|Any CPU
		{BF4A5642-F679-4BF2-9320-BFDF11BB731B}.Debug|Any CPU.Build.0 = Debug|Any CPU
		{BF4A5642-F679-4BF2-9320-BFDF11BB731B}.Release|Any CPU.ActiveCfg = Release|Any CPU
		{BF4A5642-F679-4BF2-9320-BFDF11BB731B}.Release|Any CPU.Build.0 = Release|Any CPU
		{CE8557D2-4731-4369-9B68-8D9EF94A5409}.Debug|Any CPU.ActiveCfg = Debug|Any CPU
		{CE8557D2-4731-4369-9B68-8D9EF94A5409}.Debug|Any CPU.Build.0 = Debug|Any CPU
		{CE8557D2-4731-4369-9B68-8D9EF94A5409}.Release|Any CPU.ActiveCfg = Release|Any CPU
		{CE8557D2-4731-4369-9B68-8D9EF94A5409}.Release|Any CPU.Build.0 = Release|Any CPU
	EndGlobalSection
	GlobalSection(SolutionProperties) = preSolution
		HideSolutionNode = FALSE
	EndGlobalSection
	GlobalSection(ExtensibilityGlobals) = postSolution
		SolutionGuid = {0DFB5EB7-F8C4-4288-A620-C7A8D9F5570A}
	EndGlobalSection
EndGlobal
