
Microsoft Visual Studio Solution File, Format Version 12.00
# Visual Studio Version 17
VisualStudioVersion = 17.4.33205.214
MinimumVisualStudioVersion = 10.0.40219.1
Project("{FAE04EC0-301F-11D3-BF4B-00C04F79EFBC}") = "Test 1", "Practical09\Test 1.csproj", "{B8F6F7B5-6A4E-4268-AD72-9539EE899CBD}"
EndProject
Project("{FAE04EC0-301F-11D3-BF4B-00C04F79EFBC}") = "Test 3", "Test 3\Test 3.csproj", "{D0CAED7B-45DF-446A-9D96-EE8ED4935AE6}"
EndProject
Project("{FAE04EC0-301F-11D3-BF4B-00C04F79EFBC}") = "Test 3.Tests", "Test 3.Tests\Test 3.Tests.csproj", "{0765F8F5-0151-4ECA-8DA4-141E6A0BA086}"
EndProject
Global
	GlobalSection(SolutionConfigurationPlatforms) = preSolution
		Debug|Any CPU = Debug|Any CPU
		Release|Any CPU = Release|Any CPU
	EndGlobalSection
	GlobalSection(ProjectConfigurationPlatforms) = postSolution
		{B8F6F7B5-6A4E-4268-AD72-9539EE899CBD}.Debug|Any CPU.ActiveCfg = Debug|Any CPU
		{B8F6F7B5-6A4E-4268-AD72-9539EE899CBD}.Debug|Any CPU.Build.0 = Debug|Any CPU
		{B8F6F7B5-6A4E-4268-AD72-9539EE899CBD}.Release|Any CPU.ActiveCfg = Release|Any CPU
		{B8F6F7B5-6A4E-4268-AD72-9539EE899CBD}.Release|Any CPU.Build.0 = Release|Any CPU
		{D0CAED7B-45DF-446A-9D96-EE8ED4935AE6}.Debug|Any CPU.ActiveCfg = Debug|Any CPU
		{D0CAED7B-45DF-446A-9D96-EE8ED4935AE6}.Debug|Any CPU.Build.0 = Debug|Any CPU
		{D0CAED7B-45DF-446A-9D96-EE8ED4935AE6}.Release|Any CPU.ActiveCfg = Release|Any CPU
		{D0CAED7B-45DF-446A-9D96-EE8ED4935AE6}.Release|Any CPU.Build.0 = Release|Any CPU
		{0765F8F5-0151-4ECA-8DA4-141E6A0BA086}.Debug|Any CPU.ActiveCfg = Debug|Any CPU
		{0765F8F5-0151-4ECA-8DA4-141E6A0BA086}.Debug|Any CPU.Build.0 = Debug|Any CPU
		{0765F8F5-0151-4ECA-8DA4-141E6A0BA086}.Release|Any CPU.ActiveCfg = Release|Any CPU
		{0765F8F5-0151-4ECA-8DA4-141E6A0BA086}.Release|Any CPU.Build.0 = Release|Any CPU
	EndGlobalSection
	GlobalSection(SolutionProperties) = preSolution
		HideSolutionNode = FALSE
	EndGlobalSection
	GlobalSection(ExtensibilityGlobals) = postSolution
		SolutionGuid = {A59FC542-F990-4C9D-8A8D-BB76FA607ABF}
	EndGlobalSection
EndGlobal
