
Microsoft Visual Studio Solution File, Format Version 12.00
# Visual Studio Version 17
VisualStudioVersion = 17.4.33205.214
MinimumVisualStudioVersion = 10.0.40219.1
Project("{FAE04EC0-301F-11D3-BF4B-00C04F79EFBC}") = "Practical_14", "Practical_14\Practical_14.csproj", "{58C9F362-FFBE-4798-B09A-95069C132B5E}"
EndProject
Global
	GlobalSection(SolutionConfigurationPlatforms) = preSolution
		Debug|Any CPU = Debug|Any CPU
		Release|Any CPU = Release|Any CPU
	EndGlobalSection
	GlobalSection(ProjectConfigurationPlatforms) = postSolution
		{58C9F362-FFBE-4798-B09A-95069C132B5E}.Debug|Any CPU.ActiveCfg = Debug|Any CPU
		{58C9F362-FFBE-4798-B09A-95069C132B5E}.Debug|Any CPU.Build.0 = Debug|Any CPU
		{58C9F362-FFBE-4798-B09A-95069C132B5E}.Release|Any CPU.ActiveCfg = Release|Any CPU
		{58C9F362-FFBE-4798-B09A-95069C132B5E}.Release|Any CPU.Build.0 = Release|Any CPU
	EndGlobalSection
	GlobalSection(SolutionProperties) = preSolution
		HideSolutionNode = FALSE
	EndGlobalSection
	GlobalSection(ExtensibilityGlobals) = postSolution
		SolutionGuid = {82D04DBC-A692-4319-8322-2AF383559FC2}
	EndGlobalSection
EndGlobal
